
Microsoft Visual Studio Solution File, Format Version 12.00
# Visual Studio 14
VisualStudioVersion = 14.0.23107.0
MinimumVisualStudioVersion = 10.0.40219.1
Project("{FAE04EC0-301F-11D3-BF4B-00C04F79EFBC}") = "Practicum3.Platformer", "Practicum3.Platformer\Practicum3.Platformer\Practicum3.Platformer.csproj", "{B7BF6A47-4329-4E00-B739-AE1D2D962066}"
EndProject
Project("{96E2B04D-8817-42C6-938A-82C39BA4D311}") = "Practicum3.PlatformerContent", "Practicum3.Platformer\Practicum3.PlatformerContent\Practicum3.PlatformerContent.contentproj", "{C77A9A59-1910-427A-A72A-F118D7C53E56}"
EndProject
Global
	GlobalSection(SolutionConfigurationPlatforms) = preSolution
		Debug|x86 = Debug|x86
		Release|x86 = Release|x86
	EndGlobalSection
	GlobalSection(ProjectConfigurationPlatforms) = postSolution
		{B7BF6A47-4329-4E00-B739-AE1D2D962066}.Debug|x86.ActiveCfg = Debug|x86
		{B7BF6A47-4329-4E00-B739-AE1D2D962066}.Debug|x86.Build.0 = Debug|x86
		{B7BF6A47-4329-4E00-B739-AE1D2D962066}.Release|x86.ActiveCfg = Release|x86
		{B7BF6A47-4329-4E00-B739-AE1D2D962066}.Release|x86.Build.0 = Release|x86
		{C77A9A59-1910-427A-A72A-F118D7C53E56}.Debug|x86.ActiveCfg = Debug|x86
		{C77A9A59-1910-427A-A72A-F118D7C53E56}.Release|x86.ActiveCfg = Release|x86
	EndGlobalSection
	GlobalSection(SolutionProperties) = preSolution
		HideSolutionNode = FALSE
	EndGlobalSection
EndGlobal
